
Microsoft Visual Studio Solution File, Format Version 12.00
# Visual Studio Version 17
VisualStudioVersion = 17.11.35312.102
MinimumVisualStudioVersion = 10.0.40219.1
Project("{9A19103F-16F7-4668-BE54-9A1E7A4F7556}") = "BookNest.Domain", "BookNest.Domain\BookNest.Domain.csproj", "{D3E0897B-4DF2-43B0-B17D-D56B08D7E788}"
EndProject
Project("{9A19103F-16F7-4668-BE54-9A1E7A4F7556}") = "BookNest.Infrastructure", "BookNest.Infrastructure\BookNest.Infrastructure.csproj", "{3633A69A-9544-423D-BB2B-FFA7960B20E1}"
EndProject
Project("{FAE04EC0-301F-11D3-BF4B-00C04F79EFBC}") = "BookNest.API", "BookNest.API\BookNest.API.csproj", "{A21B1BF1-18C6-4A44-9E04-5A2F1CFD658E}"
EndProject
Global
	GlobalSection(SolutionConfigurationPlatforms) = preSolution
		Debug|Any CPU = Debug|Any CPU
		Release|Any CPU = Release|Any CPU
	EndGlobalSection
	GlobalSection(ProjectConfigurationPlatforms) = postSolution
		{D3E0897B-4DF2-43B0-B17D-D56B08D7E788}.Debug|Any CPU.ActiveCfg = Debug|Any CPU
		{D3E0897B-4DF2-43B0-B17D-D56B08D7E788}.Debug|Any CPU.Build.0 = Debug|Any CPU
		{D3E0897B-4DF2-43B0-B17D-D56B08D7E788}.Release|Any CPU.ActiveCfg = Release|Any CPU
		{D3E0897B-4DF2-43B0-B17D-D56B08D7E788}.Release|Any CPU.Build.0 = Release|Any CPU
		{3633A69A-9544-423D-BB2B-FFA7960B20E1}.Debug|Any CPU.ActiveCfg = Debug|Any CPU
		{3633A69A-9544-423D-BB2B-FFA7960B20E1}.Debug|Any CPU.Build.0 = Debug|Any CPU
		{3633A69A-9544-423D-BB2B-FFA7960B20E1}.Release|Any CPU.ActiveCfg = Release|Any CPU
		{3633A69A-9544-423D-BB2B-FFA7960B20E1}.Release|Any CPU.Build.0 = Release|Any CPU
		{A21B1BF1-18C6-4A44-9E04-5A2F1CFD658E}.Debug|Any CPU.ActiveCfg = Debug|Any CPU
		{A21B1BF1-18C6-4A44-9E04-5A2F1CFD658E}.Debug|Any CPU.Build.0 = Debug|Any CPU
		{A21B1BF1-18C6-4A44-9E04-5A2F1CFD658E}.Release|Any CPU.ActiveCfg = Release|Any CPU
		{A21B1BF1-18C6-4A44-9E04-5A2F1CFD658E}.Release|Any CPU.Build.0 = Release|Any CPU
	EndGlobalSection
	GlobalSection(SolutionProperties) = preSolution
		HideSolutionNode = FALSE
	EndGlobalSection
	GlobalSection(ExtensibilityGlobals) = postSolution
		SolutionGuid = {A302FF4C-C1EE-4CAF-8829-F4AF198C8FA2}
	EndGlobalSection
EndGlobal
